{
  "requires": true,
  "lockfileVersion": 1,
  "dependencies": {
    "types-registry": {
      "version": "0.1.424",
      "resolved": "https://registry.npmjs.org/types-registry/-/types-registry-0.1.424.tgz",
      "integrity": "sha512-K1czDsVTC+H5kVruAzHlETQ0FJbOYX0pT+DAokTkZMfJ+zvIiWZGptua0R4jjvC5p1eZ+frQyqM5pnQTxcMhEQ=="
    }
  }
}
